{
  "name": "node-dcom",
  "version": "1.0.0",
  "lockfileVersion": 1,
  "requires": true,
  "dependencies": {
    "bytebuffer": {
      "version": "5.0.1",
      "resolved": "https://registry.npmjs.org/bytebuffer/-/bytebuffer-5.0.1.tgz",
      "integrity": "sha1-WC7qSxqHO20CCkjVjfhfC7ps/d0=",
      "requires": {
        "long": "~3"
      }
    },
    "hashmap": {
      "version": "2.3.0",
      "resolved": "https://registry.npmjs.org/hashmap/-/hashmap-2.3.0.tgz",
      "integrity": "sha1-sT+2XafIul49uPwbjFuh0ASdryI="
    },
    "iconv-lite": {
      "version": "0.4.24",
      "resolved": "https://registry.npmjs.org/iconv-lite/-/iconv-lite-0.4.24.tgz",
      "integrity": "sha512-v3MXnZAcvnywkTUEZomIActle7RXXeedOR31wwl7VlyoXO4Qi9arvSenNQWne1TcRwhCL1HwLI21bEqdpj8/rA==",
      "requires": {
        "safer-buffer": ">= 2.1.2 < 3"
      }
    },
    "ip": {
      "version": "1.1.5",
      "resolved": "https://registry.npmjs.org/ip/-/ip-1.1.5.tgz",
      "integrity": "sha1-vd7XARQpCCjAoDnnLvJfWq7ENUo="
    },
    "iso-8859-15": {
      "version": "0.1.2",
      "resolved": "https://registry.npmjs.org/iso-8859-15/-/iso-8859-15-0.1.2.tgz",
      "integrity": "sha1-KNGlzSp6OQMFl937HLiZeThCVzs="
    },
    "iso-8859-2": {
      "version": "0.1.2",
      "resolved": "https://registry.npmjs.org/iso-8859-2/-/iso-8859-2-0.1.2.tgz",
      "integrity": "sha1-VQtMDykufryHM6dv/S5pkIx77P4="
    },
    "iso-8859-3": {
      "version": "0.1.2",
      "resolved": "https://registry.npmjs.org/iso-8859-3/-/iso-8859-3-0.1.2.tgz",
      "integrity": "sha1-PeT+tr1fZjllI+aSLFfSGKXJd2Q="
    },
    "iso-8859-4": {
      "version": "0.1.2",
      "resolved": "https://registry.npmjs.org/iso-8859-4/-/iso-8859-4-0.1.2.tgz",
      "integrity": "sha1-bM3E/URq2f0uDPMXTnu9H1haw+Y="
    },
    "iso-8859-5": {
      "version": "0.1.2",
      "resolved": "https://registry.npmjs.org/iso-8859-5/-/iso-8859-5-0.1.2.tgz",
      "integrity": "sha1-oYkIiIXgtAXYgB9tbkLD/gxDvKs="
    },
    "iso-8859-6": {
      "version": "0.1.2",
      "resolved": "https://registry.npmjs.org/iso-8859-6/-/iso-8859-6-0.1.2.tgz",
      "integrity": "sha1-YQwEDlxfCXJzCqL4Kyjl54dNVmE="
    },
    "iso-8859-7": {
      "version": "0.1.2",
      "resolved": "https://registry.npmjs.org/iso-8859-7/-/iso-8859-7-0.1.2.tgz",
      "integrity": "sha1-Tlr64n716I4dXmziMVspkmDXuZk="
    },
    "iso-8859-8": {
      "version": "0.1.2",
      "resolved": "https://registry.npmjs.org/iso-8859-8/-/iso-8859-8-0.1.2.tgz",
      "integrity": "sha1-NUvZfApt4/ny7Q0x77ONQr+gvOU="
    },
    "iso-8859-8-i": {
      "version": "0.1.2",
      "resolved": "https://registry.npmjs.org/iso-8859-8-i/-/iso-8859-8-i-0.1.2.tgz",
      "integrity": "sha1-cAlX57fEK6i1RruHbbh1nQDyGVw="
    },
    "jconv": {
      "version": "0.1.5",
      "resolved": "https://registry.npmjs.org/jconv/-/jconv-0.1.5.tgz",
      "integrity": "sha1-xlDtukzCzm3Skr85ELEjQzxLR/U="
    },
    "koi8-r": {
      "version": "0.1.2",
      "resolved": "https://registry.npmjs.org/koi8-r/-/koi8-r-0.1.2.tgz",
      "integrity": "sha1-pc2d3IVV3NYAc1tokPLT2GlU5+g="
    },
    "legacy-encoding": {
      "version": "3.0.0",
      "resolved": "https://registry.npmjs.org/legacy-encoding/-/legacy-encoding-3.0.0.tgz",
      "integrity": "sha1-oTvTn9kXZXLhRTbTFd/KjqOA2OE=",
      "requires": {
        "iconv-lite": "^0.4.4",
        "iso-8859-15": "^0.1.2",
        "iso-8859-2": "^0.1.2",
        "iso-8859-3": "^0.1.2",
        "iso-8859-4": "^0.1.2",
        "iso-8859-5": "^0.1.2",
        "iso-8859-6": "^0.1.2",
        "iso-8859-7": "^0.1.2",
        "iso-8859-8": "^0.1.2",
        "iso-8859-8-i": "^0.1.2",
        "jconv": "^0.1.5",
        "koi8-r": "^0.1.2",
        "macintosh": "^0.1.2",
        "windows-1250": "^0.1.2",
        "windows-1251": "^0.1.2",
        "windows-1252": "^0.1.2",
        "windows-1253": "^0.1.2",
        "windows-1254": "^0.1.2",
        "windows-1255": "^0.1.2",
        "windows-1256": "^0.1.2",
        "windows-1257": "^0.1.2",
        "windows-1258": "^0.1.2",
        "windows-874": "^0.1.2",
        "x-mac-cyrillic": "^0.1.2"
      }
    },
    "long": {
      "version": "3.2.0",
      "resolved": "https://registry.npmjs.org/long/-/long-3.2.0.tgz",
      "integrity": "sha1-2CG3E4yhy1gcFymQ7xTbIAtcR0s="
    },
    "macintosh": {
      "version": "0.1.2",
      "resolved": "https://registry.npmjs.org/macintosh/-/macintosh-0.1.2.tgz",
      "integrity": "sha1-gu9KUSjxqlH2I6pVRcJJRgdqybs="
    },
    "object-hash": {
      "version": "1.3.1",
      "resolved": "https://registry.npmjs.org/object-hash/-/object-hash-1.3.1.tgz",
      "integrity": "sha512-OSuu/pU4ENM9kmREg0BdNrUDIl1heYa4mBZacJc+vVWz4GtAwu7jO8s4AIt2aGRUTqxykpWzI3Oqnsm13tTMDA=="
    },
    "safer-buffer": {
      "version": "2.1.2",
      "resolved": "https://registry.npmjs.org/safer-buffer/-/safer-buffer-2.1.2.tgz",
      "integrity": "sha512-YZo3K82SD7Riyi0E1EQPojLz7kpepnSQI9IyPbHHg1XXXevb5dJI7tpyN2ADxGcQbHG7vcyRHk0cbwqcQriUtg=="
    },
    "windows-1250": {
      "version": "0.1.2",
      "resolved": "https://registry.npmjs.org/windows-1250/-/windows-1250-0.1.2.tgz",
      "integrity": "sha1-w3uaBz5AW89CCB02uq8v3nc7mcw="
    },
    "windows-1251": {
      "version": "0.1.2",
      "resolved": "https://registry.npmjs.org/windows-1251/-/windows-1251-0.1.2.tgz",
      "integrity": "sha1-SIHY+QU9Dre1+l008PlNYN5DwtM="
    },
    "windows-1252": {
      "version": "0.1.2",
      "resolved": "https://registry.npmjs.org/windows-1252/-/windows-1252-0.1.2.tgz",
      "integrity": "sha1-Zit1Mede3ZRcLby6K/eZwXC4yBY="
    },
    "windows-1253": {
      "version": "0.1.2",
      "resolved": "https://registry.npmjs.org/windows-1253/-/windows-1253-0.1.2.tgz",
      "integrity": "sha1-z6AiW33dZqj0A43qbpOJRXMPklE="
    },
    "windows-1254": {
      "version": "0.1.2",
      "resolved": "https://registry.npmjs.org/windows-1254/-/windows-1254-0.1.2.tgz",
      "integrity": "sha1-rXeQfF7k7FGvpkpFyqJF7C1Ti4M="
    },
    "windows-1255": {
      "version": "0.1.2",
      "resolved": "https://registry.npmjs.org/windows-1255/-/windows-1255-0.1.2.tgz",
      "integrity": "sha1-HSCCyriBdV+jIr7ELz9iaRjMpSE="
    },
    "windows-1256": {
      "version": "0.1.2",
      "resolved": "https://registry.npmjs.org/windows-1256/-/windows-1256-0.1.2.tgz",
      "integrity": "sha1-mwlXRpikEnQfSzVsJFCo/5KpDJI="
    },
    "windows-1257": {
      "version": "0.1.2",
      "resolved": "https://registry.npmjs.org/windows-1257/-/windows-1257-0.1.2.tgz",
      "integrity": "sha1-i0xE7rDpcbtzQPv0+eZ06GDLtmY="
    },
    "windows-1258": {
      "version": "0.1.2",
      "resolved": "https://registry.npmjs.org/windows-1258/-/windows-1258-0.1.2.tgz",
      "integrity": "sha1-MCM96qvaEYSUJGkzOIVrlVLeVg4="
    },
    "windows-874": {
      "version": "0.1.2",
      "resolved": "https://registry.npmjs.org/windows-874/-/windows-874-0.1.2.tgz",
      "integrity": "sha1-dyI7Ptabdd6Yhtz6K73VI6fconc="
    },
    "x-mac-cyrillic": {
      "version": "0.1.2",
      "resolved": "https://registry.npmjs.org/x-mac-cyrillic/-/x-mac-cyrillic-0.1.2.tgz",
      "integrity": "sha1-dpMPw3V1SSmxCkmONFE3+Ut0ezw="
    }
  }
}
